// !$*UTF8*$!
{
	archiveVersion = 1;
	classes = {
	};
	objectVersion = 50;
	objects = {

/* Begin PBXBuildFile section */
		2929768720F3360600E97A67 /* AppDelegate.m in Sources */ = {isa = PBXBuildFile; fileRef = 2929768620F3360600E97A67 /* AppDelegate.m */; };
		2929768D20F3360600E97A67 /* Main.storyboard in Resources */ = {isa = PBXBuildFile; fileRef = 2929768B20F3360600E97A67 /* Main.storyboard */; };
		2929768F20F3360700E97A67 /* Assets.xcassets in Resources */ = {isa = PBXBuildFile; fileRef = 2929768E20F3360700E97A67 /* Assets.xcassets */; };
		2929769220F3360700E97A67 /* LaunchScreen.storyboard in Resources */ = {isa = PBXBuildFile; fileRef = 2929769020F3360700E97A67 /* LaunchScreen.storyboard */; };
		2929769520F3360700E97A67 /* main.m in Sources */ = {isa = PBXBuildFile; fileRef = 2929769420F3360700E97A67 /* main.m */; };
		2929769F20F3360700E97A67 /* ParseChatTests.m in Sources */ = {isa = PBXBuildFile; fileRef = 2929769E20F3360700E97A67 /* ParseChatTests.m */; };
		292976AA20F3360700E97A67 /* ParseChatUITests.m in Sources */ = {isa = PBXBuildFile; fileRef = 292976A920F3360700E97A67 /* ParseChatUITests.m */; };
		292976BC20F33B8000E97A67 /* LoginViewController.m in Sources */ = {isa = PBXBuildFile; fileRef = 292976BB20F33B8000E97A67 /* LoginViewController.m */; };
		A9BCF60AAEEE53FBB3DBDF90 /* libPods-ParseChatTests.a in Frameworks */ = {isa = PBXBuildFile; fileRef = 90ED3FDD881984D9E9629012 /* libPods-ParseChatTests.a */; };
		FA66642AF743657C88FBAE6F /* libPods-ParseChat.a in Frameworks */ = {isa = PBXBuildFile; fileRef = DE2D50D40E843EF305F049F3 /* libPods-ParseChat.a */; };
		FFC44156C1193147A84DA5BC /* libPods-ParseChatUITests.a in Frameworks */ = {isa = PBXBuildFile; fileRef = 706A15A93E5254D56CA424B4 /* libPods-ParseChatUITests.a */; };
/* End PBXBuildFile section */

/* Begin PBXContainerItemProxy section */
		2929769B20F3360700E97A67 /* PBXContainerItemProxy */ = {
			isa = PBXContainerItemProxy;
			containerPortal = 2929767A20F3360600E97A67 /* Project object */;
			proxyType = 1;
			remoteGlobalIDString = 2929768120F3360600E97A67;
			remoteInfo = ParseChat;
		};
		292976A620F3360700E97A67 /* PBXContainerItemProxy */ = {
			isa = PBXContainerItemProxy;
			containerPortal = 2929767A20F3360600E97A67 /* Project object */;
			proxyType = 1;
			remoteGlobalIDString = 2929768120F3360600E97A67;
			remoteInfo = ParseChat;
		};
/* End PBXContainerItemProxy section */

/* Begin PBXFileReference section */
		003C30151E50BD78BA7B8308 /* Pods-ParseChat.debug.xcconfig */ = {isa = PBXFileReference; includeInIndex = 1; lastKnownFileType = text.xcconfig; name = "Pods-ParseChat.debug.xcconfig"; path = "Pods/Target Support Files/Pods-ParseChat/Pods-ParseChat.debug.xcconfig"; sourceTree = "<group>"; };
		022649D0B6B88DBBFBDE6C09 /* Pods-ParseChat.release.xcconfig */ = {isa = PBXFileReference; includeInIndex = 1; lastKnownFileType = text.xcconfig; name = "Pods-ParseChat.release.xcconfig"; path = "Pods/Target Support Files/Pods-ParseChat/Pods-ParseChat.release.xcconfig"; sourceTree = "<group>"; };
		080AE8FCA4A09B1FBD286074 /* Pods-ParseChatTests.release.xcconfig */ = {isa = PBXFileReference; includeInIndex = 1; lastKnownFileType = text.xcconfig; name = "Pods-ParseChatTests.release.xcconfig"; path = "Pods/Target Support Files/Pods-ParseChatTests/Pods-ParseChatTests.release.xcconfig"; sourceTree = "<group>"; };
		2929768220F3360600E97A67 /* ParseChat.app */ = {isa = PBXFileReference; explicitFileType = wrapper.application; includeInIndex = 0; path = ParseChat.app; sourceTree = BUILT_PRODUCTS_DIR; };
		2929768520F3360600E97A67 /* AppDelegate.h */ = {isa = PBXFileReference; lastKnownFileType = sourcecode.c.h; path = AppDelegate.h; sourceTree = "<group>"; };
		2929768620F3360600E97A67 /* AppDelegate.m */ = {isa = PBXFileReference; lastKnownFileType = sourcecode.c.objc; path = AppDelegate.m; sourceTree = "<group>"; };
		2929768C20F3360600E97A67 /* Base */ = {isa = PBXFileReference; lastKnownFileType = file.storyboard; name = Base; path = Base.lproj/Main.storyboard; sourceTree = "<group>"; };
		2929768E20F3360700E97A67 /* Assets.xcassets */ = {isa = PBXFileReference; lastKnownFileType = folder.assetcatalog; path = Assets.xcassets; sourceTree = "<group>"; };
		2929769120F3360700E97A67 /* Base */ = {isa = PBXFileReference; lastKnownFileType = file.storyboard; name = Base; path = Base.lproj/LaunchScreen.storyboard; sourceTree = "<group>"; };
		2929769320F3360700E97A67 /* Info.plist */ = {isa = PBXFileReference; lastKnownFileType = text.plist.xml; path = Info.plist; sourceTree = "<group>"; };
		2929769420F3360700E97A67 /* main.m */ = {isa = PBXFileReference; lastKnownFileType = sourcecode.c.objc; path = main.m; sourceTree = "<group>"; };
		2929769A20F3360700E97A67 /* ParseChatTests.xctest */ = {isa = PBXFileReference; explicitFileType = wrapper.cfbundle; includeInIndex = 0; path = ParseChatTests.xctest; sourceTree = BUILT_PRODUCTS_DIR; };
		2929769E20F3360700E97A67 /* ParseChatTests.m */ = {isa = PBXFileReference; lastKnownFileType = sourcecode.c.objc; path = ParseChatTests.m; sourceTree = "<group>"; };
		292976A020F3360700E97A67 /* Info.plist */ = {isa = PBXFileReference; lastKnownFileType = text.plist.xml; path = Info.plist; sourceTree = "<group>"; };
		292976A520F3360700E97A67 /* ParseChatUITests.xctest */ = {isa = PBXFileReference; explicitFileType = wrapper.cfbundle; includeInIndex = 0; path = ParseChatUITests.xctest; sourceTree = BUILT_PRODUCTS_DIR; };
		292976A920F3360700E97A67 /* ParseChatUITests.m */ = {isa = PBXFileReference; lastKnownFileType = sourcecode.c.objc; path = ParseChatUITests.m; sourceTree = "<group>"; };
		292976AB20F3360700E97A67 /* Info.plist */ = {isa = PBXFileReference; lastKnownFileType = text.plist.xml; path = Info.plist; sourceTree = "<group>"; };
		292976BA20F33B8000E97A67 /* LoginViewController.h */ = {isa = PBXFileReference; lastKnownFileType = sourcecode.c.h; path = LoginViewController.h; sourceTree = "<group>"; };
		292976BB20F33B8000E97A67 /* LoginViewController.m */ = {isa = PBXFileReference; lastKnownFileType = sourcecode.c.objc; path = LoginViewController.m; sourceTree = "<group>"; };
		2D44D0F11B4D08C6EA8F013D /* Pods-ParseChatTests.debug.xcconfig */ = {isa = PBXFileReference; includeInIndex = 1; lastKnownFileType = text.xcconfig; name = "Pods-ParseChatTests.debug.xcconfig"; path = "Pods/Target Support Files/Pods-ParseChatTests/Pods-ParseChatTests.debug.xcconfig"; sourceTree = "<group>"; };
		4EEA8474DE97D6EF137B1451 /* Pods-ParseChatUITests.debug.xcconfig */ = {isa = PBXFileReference; includeInIndex = 1; lastKnownFileType = text.xcconfig; name = "Pods-ParseChatUITests.debug.xcconfig"; path = "Pods/Target Support Files/Pods-ParseChatUITests/Pods-ParseChatUITests.debug.xcconfig"; sourceTree = "<group>"; };
		706A15A93E5254D56CA424B4 /* libPods-ParseChatUITests.a */ = {isa = PBXFileReference; explicitFileType = archive.ar; includeInIndex = 0; path = "libPods-ParseChatUITests.a"; sourceTree = BUILT_PRODUCTS_DIR; };
		90ED3FDD881984D9E9629012 /* libPods-ParseChatTests.a */ = {isa = PBXFileReference; explicitFileType = archive.ar; includeInIndex = 0; path = "libPods-ParseChatTests.a"; sourceTree = BUILT_PRODUCTS_DIR; };
		C925A6F18498205677A81332 /* Pods-ParseChatUITests.release.xcconfig */ = {isa = PBXFileReference; includeInIndex = 1; lastKnownFileType = text.xcconfig; name = "Pods-ParseChatUITests.release.xcconfig"; path = "Pods/Target Support Files/Pods-ParseChatUITests/Pods-ParseChatUITests.release.xcconfig"; sourceTree = "<group>"; };
		DE2D50D40E843EF305F049F3 /* libPods-ParseChat.a */ = {isa = PBXFileReference; explicitFileType = archive.ar; includeInIndex = 0; path = "libPods-ParseChat.a"; sourceTree = BUILT_PRODUCTS_DIR; };
/* End PBXFileReference section */

/* Begin PBXFrameworksBuildPhase section */
		2929767F20F3360600E97A67 /* Frameworks */ = {
			isa = PBXFrameworksBuildPhase;
			buildActionMask = 2147483647;
			files = (
				FA66642AF743657C88FBAE6F /* libPods-ParseChat.a in Frameworks */,
			);
			runOnlyForDeploymentPostprocessing = 0;
		};
		2929769720F3360700E97A67 /* Frameworks */ = {
			isa = PBXFrameworksBuildPhase;
			buildActionMask = 2147483647;
			files = (
				A9BCF60AAEEE53FBB3DBDF90 /* libPods-ParseChatTests.a in Frameworks */,
			);
			runOnlyForDeploymentPostprocessing = 0;
		};
		292976A220F3360700E97A67 /* Frameworks */ = {
			isa = PBXFrameworksBuildPhase;
			buildActionMask = 2147483647;
			files = (
				FFC44156C1193147A84DA5BC /* libPods-ParseChatUITests.a in Frameworks */,
			);
			runOnlyForDeploymentPostprocessing = 0;
		};
/* End PBXFrameworksBuildPhase section */

/* Begin PBXGroup section */
		2929767920F3360600E97A67 = {
			isa = PBXGroup;
			children = (
				2929768420F3360600E97A67 /* ParseChat */,
				2929769D20F3360700E97A67 /* ParseChatTests */,
				292976A820F3360700E97A67 /* ParseChatUITests */,
				2929768320F3360600E97A67 /* Products */,
				3D97A137285FC5D836EB6A36 /* Pods */,
				7F98E227215E5677032B393C /* Frameworks */,
			);
			sourceTree = "<group>";
		};
		2929768320F3360600E97A67 /* Products */ = {
			isa = PBXGroup;
			children = (
				2929768220F3360600E97A67 /* ParseChat.app */,
				2929769A20F3360700E97A67 /* ParseChatTests.xctest */,
				292976A520F3360700E97A67 /* ParseChatUITests.xctest */,
			);
			name = Products;
			sourceTree = "<group>";
		};
		2929768420F3360600E97A67 /* ParseChat */ = {
			isa = PBXGroup;
			children = (
				292976B920F33B6600E97A67 /* Views */,
				292976B820F33B6100E97A67 /* Models */,
				292976B720F33B4F00E97A67 /* View Controllers */,
				2929768520F3360600E97A67 /* AppDelegate.h */,
				2929768620F3360600E97A67 /* AppDelegate.m */,
				2929768B20F3360600E97A67 /* Main.storyboard */,
				2929768E20F3360700E97A67 /* Assets.xcassets */,
				2929769020F3360700E97A67 /* LaunchScreen.storyboard */,
				2929769320F3360700E97A67 /* Info.plist */,
				2929769420F3360700E97A67 /* main.m */,
			);
			path = ParseChat;
			sourceTree = "<group>";
		};
		2929769D20F3360700E97A67 /* ParseChatTests */ = {
			isa = PBXGroup;
			children = (
				2929769E20F3360700E97A67 /* ParseChatTests.m */,
				292976A020F3360700E97A67 /* Info.plist */,
			);
			path = ParseChatTests;
			sourceTree = "<group>";
		};
		292976A820F3360700E97A67 /* ParseChatUITests */ = {
			isa = PBXGroup;
			children = (
				292976A920F3360700E97A67 /* ParseChatUITests.m */,
				292976AB20F3360700E97A67 /* Info.plist */,
			);
			path = ParseChatUITests;
			sourceTree = "<group>";
		};
		292976B720F33B4F00E97A67 /* View Controllers */ = {
			isa = PBXGroup;
			children = (
				292976BA20F33B8000E97A67 /* LoginViewController.h */,
				292976BB20F33B8000E97A67 /* LoginViewController.m */,
			);
			name = "View Controllers";
			sourceTree = "<group>";
		};
		292976B820F33B6100E97A67 /* Models */ = {
			isa = PBXGroup;
			children = (
			);
			path = Models;
			sourceTree = "<group>";
		};
		292976B920F33B6600E97A67 /* Views */ = {
			isa = PBXGroup;
			children = (
			);
			name = Views;
			sourceTree = "<group>";
		};
		3D97A137285FC5D836EB6A36 /* Pods */ = {
			isa = PBXGroup;
			children = (
				003C30151E50BD78BA7B8308 /* Pods-ParseChat.debug.xcconfig */,
				022649D0B6B88DBBFBDE6C09 /* Pods-ParseChat.release.xcconfig */,
				2D44D0F11B4D08C6EA8F013D /* Pods-ParseChatTests.debug.xcconfig */,
				080AE8FCA4A09B1FBD286074 /* Pods-ParseChatTests.release.xcconfig */,
				4EEA8474DE97D6EF137B1451 /* Pods-ParseChatUITests.debug.xcconfig */,
				C925A6F18498205677A81332 /* Pods-ParseChatUITests.release.xcconfig */,
			);
			name = Pods;
			sourceTree = "<group>";
		};
		7F98E227215E5677032B393C /* Frameworks */ = {
			isa = PBXGroup;
			children = (
				DE2D50D40E843EF305F049F3 /* libPods-ParseChat.a */,
				90ED3FDD881984D9E9629012 /* libPods-ParseChatTests.a */,
				706A15A93E5254D56CA424B4 /* libPods-ParseChatUITests.a */,
			);
			name = Frameworks;
			sourceTree = "<group>";
		};
/* End PBXGroup section */

/* Begin PBXNativeTarget section */
		2929768120F3360600E97A67 /* ParseChat */ = {
			isa = PBXNativeTarget;
			buildConfigurationList = 292976AE20F3360700E97A67 /* Build configuration list for PBXNativeTarget "ParseChat" */;
			buildPhases = (
				F4D7F129132BD978BDEDDC4A /* [CP] Check Pods Manifest.lock */,
				2929767E20F3360600E97A67 /* Sources */,
				2929767F20F3360600E97A67 /* Frameworks */,
				2929768020F3360600E97A67 /* Resources */,
				78522E5868CC4F2C7A11BC46 /* [CP] Copy Pods Resources */,
			);
			buildRules = (
			);
			dependencies = (
			);
			name = ParseChat;
			productName = ParseChat;
			productReference = 2929768220F3360600E97A67 /* ParseChat.app */;
			productType = "com.apple.product-type.application";
		};
		2929769920F3360700E97A67 /* ParseChatTests */ = {
			isa = PBXNativeTarget;
			buildConfigurationList = 292976B120F3360700E97A67 /* Build configuration list for PBXNativeTarget "ParseChatTests" */;
			buildPhases = (
				959236216C00701DC4C72964 /* [CP] Check Pods Manifest.lock */,
				2929769620F3360700E97A67 /* Sources */,
				2929769720F3360700E97A67 /* Frameworks */,
				2929769820F3360700E97A67 /* Resources */,
			);
			buildRules = (
			);
			dependencies = (
				2929769C20F3360700E97A67 /* PBXTargetDependency */,
			);
			name = ParseChatTests;
			productName = ParseChatTests;
			productReference = 2929769A20F3360700E97A67 /* ParseChatTests.xctest */;
			productType = "com.apple.product-type.bundle.unit-test";
		};
		292976A420F3360700E97A67 /* ParseChatUITests */ = {
			isa = PBXNativeTarget;
			buildConfigurationList = 292976B420F3360700E97A67 /* Build configuration list for PBXNativeTarget "ParseChatUITests" */;
			buildPhases = (
				2115929FE7BEF757C2CE2922 /* [CP] Check Pods Manifest.lock */,
				292976A120F3360700E97A67 /* Sources */,
				292976A220F3360700E97A67 /* Frameworks */,
				292976A320F3360700E97A67 /* Resources */,
			);
			buildRules = (
			);
			dependencies = (
				292976A720F3360700E97A67 /* PBXTargetDependency */,
			);
			name = ParseChatUITests;
			productName = ParseChatUITests;
			productReference = 292976A520F3360700E97A67 /* ParseChatUITests.xctest */;
			productType = "com.apple.product-type.bundle.ui-testing";
		};
/* End PBXNativeTarget section */

/* Begin PBXProject section */
		2929767A20F3360600E97A67 /* Project object */ = {
			isa = PBXProject;
			attributes = {
				LastUpgradeCheck = 0940;
				ORGANIZATIONNAME = jessicashu7;
				TargetAttributes = {
					2929768120F3360600E97A67 = {
						CreatedOnToolsVersion = 9.4.1;
					};
					2929769920F3360700E97A67 = {
						CreatedOnToolsVersion = 9.4.1;
						TestTargetID = 2929768120F3360600E97A67;
					};
					292976A420F3360700E97A67 = {
						CreatedOnToolsVersion = 9.4.1;
						TestTargetID = 2929768120F3360600E97A67;
					};
				};
			};
			buildConfigurationList = 2929767D20F3360600E97A67 /* Build configuration list for PBXProject "ParseChat" */;
			compatibilityVersion = "Xcode 9.3";
			developmentRegion = en;
			hasScannedForEncodings = 0;
			knownRegions = (
				en,
				Base,
			);
			mainGroup = 2929767920F3360600E97A67;
			productRefGroup = 2929768320F3360600E97A67 /* Products */;
			projectDirPath = "";
			projectRoot = "";
			targets = (
				2929768120F3360600E97A67 /* ParseChat */,
				2929769920F3360700E97A67 /* ParseChatTests */,
				292976A420F3360700E97A67 /* ParseChatUITests */,
			);
		};
/* End PBXProject section */

/* Begin PBXResourcesBuildPhase section */
		2929768020F3360600E97A67 /* Resources */ = {
			isa = PBXResourcesBuildPhase;
			buildActionMask = 2147483647;
			files = (
				2929769220F3360700E97A67 /* LaunchScreen.storyboard in Resources */,
				2929768F20F3360700E97A67 /* Assets.xcassets in Resources */,
				2929768D20F3360600E97A67 /* Main.storyboard in Resources */,
			);
			runOnlyForDeploymentPostprocessing = 0;
		};
		2929769820F3360700E97A67 /* Resources */ = {
			isa = PBXResourcesBuildPhase;
			buildActionMask = 2147483647;
			files = (
			);
			runOnlyForDeploymentPostprocessing = 0;
		};
		292976A320F3360700E97A67 /* Resources */ = {
			isa = PBXResourcesBuildPhase;
			buildActionMask = 2147483647;
			files = (
			);
			runOnlyForDeploymentPostprocessing = 0;
		};
/* End PBXResourcesBuildPhase section */

/* Begin PBXShellScriptBuildPhase section */
		2115929FE7BEF757C2CE2922 /* [CP] Check Pods Manifest.lock */ = {
			isa = PBXShellScriptBuildPhase;
			buildActionMask = 2147483647;
			files = (
			);
			inputPaths = (
				"${PODS_PODFILE_DIR_PATH}/Podfile.lock",
				"${PODS_ROOT}/Manifest.lock",
			);
			name = "[CP] Check Pods Manifest.lock";
			outputPaths = (
				"$(DERIVED_FILE_DIR)/Pods-ParseChatUITests-checkManifestLockResult.txt",
			);
			runOnlyForDeploymentPostprocessing = 0;
			shellPath = /bin/sh;
			shellScript = "diff \"${PODS_PODFILE_DIR_PATH}/Podfile.lock\" \"${PODS_ROOT}/Manifest.lock\" > /dev/null\nif [ $? != 0 ] ; then\n    # print error to STDERR\n    echo \"error: The sandbox is not in sync with the Podfile.lock. Run 'pod install' or update your CocoaPods installation.\" >&2\n    exit 1\nfi\n# This output is used by Xcode 'outputs' to avoid re-running this script phase.\necho \"SUCCESS\" > \"${SCRIPT_OUTPUT_FILE_0}\"\n";
			showEnvVarsInLog = 0;
		};
		78522E5868CC4F2C7A11BC46 /* [CP] Copy Pods Resources */ = {
			isa = PBXShellScriptBuildPhase;
			buildActionMask = 2147483647;
			files = (
			);
			inputPaths = (
				"${SRCROOT}/Pods/Target Support Files/Pods-ParseChat/Pods-ParseChat-resources.sh",
				"${PODS_CONFIGURATION_BUILD_DIR}/Parse/Parse.bundle",
			);
			name = "[CP] Copy Pods Resources";
			outputPaths = (
				"${TARGET_BUILD_DIR}/${UNLOCALIZED_RESOURCES_FOLDER_PATH}/Parse.bundle",
			);
			runOnlyForDeploymentPostprocessing = 0;
			shellPath = /bin/sh;
			shellScript = "\"${SRCROOT}/Pods/Target Support Files/Pods-ParseChat/Pods-ParseChat-resources.sh\"\n";
			showEnvVarsInLog = 0;
		};
		959236216C00701DC4C72964 /* [CP] Check Pods Manifest.lock */ = {
			isa = PBXShellScriptBuildPhase;
			buildActionMask = 2147483647;
			files = (
			);
			inputPaths = (
				"${PODS_PODFILE_DIR_PATH}/Podfile.lock",
				"${PODS_ROOT}/Manifest.lock",
			);
			name = "[CP] Check Pods Manifest.lock";
			outputPaths = (
				"$(DERIVED_FILE_DIR)/Pods-ParseChatTests-checkManifestLockResult.txt",
			);
			runOnlyForDeploymentPostprocessing = 0;
			shellPath = /bin/sh;
			shellScript = "diff \"${PODS_PODFILE_DIR_PATH}/Podfile.lock\" \"${PODS_ROOT}/Manifest.lock\" > /dev/null\nif [ $? != 0 ] ; then\n    # print error to STDERR\n    echo \"error: The sandbox is not in sync with the Podfile.lock. Run 'pod install' or update your CocoaPods installation.\" >&2\n    exit 1\nfi\n# This output is used by Xcode 'outputs' to avoid re-running this script phase.\necho \"SUCCESS\" > \"${SCRIPT_OUTPUT_FILE_0}\"\n";
			showEnvVarsInLog = 0;
		};
		F4D7F129132BD978BDEDDC4A /* [CP] Check Pods Manifest.lock */ = {
			isa = PBXShellScriptBuildPhase;
			buildActionMask = 2147483647;
			files = (
			);
			inputPaths = (
				"${PODS_PODFILE_DIR_PATH}/Podfile.lock",
				"${PODS_ROOT}/Manifest.lock",
			);
			name = "[CP] Check Pods Manifest.lock";
			outputPaths = (
				"$(DERIVED_FILE_DIR)/Pods-ParseChat-checkManifestLockResult.txt",
			);
			runOnlyForDeploymentPostprocessing = 0;
			shellPath = /bin/sh;
			shellScript = "diff \"${PODS_PODFILE_DIR_PATH}/Podfile.lock\" \"${PODS_ROOT}/Manifest.lock\" > /dev/null\nif [ $? != 0 ] ; then\n    # print error to STDERR\n    echo \"error: The sandbox is not in sync with the Podfile.lock. Run 'pod install' or update your CocoaPods installation.\" >&2\n    exit 1\nfi\n# This output is used by Xcode 'outputs' to avoid re-running this script phase.\necho \"SUCCESS\" > \"${SCRIPT_OUTPUT_FILE_0}\"\n";
			showEnvVarsInLog = 0;
		};
/* End PBXShellScriptBuildPhase section */

/* Begin PBXSourcesBuildPhase section */
		2929767E20F3360600E97A67 /* Sources */ = {
			isa = PBXSourcesBuildPhase;
			buildActionMask = 2147483647;
			files = (
				2929769520F3360700E97A67 /* main.m in Sources */,
				2929768720F3360600E97A67 /* AppDelegate.m in Sources */,
				292976BC20F33B8000E97A67 /* LoginViewController.m in Sources */,
			);
			runOnlyForDeploymentPostprocessing = 0;
		};
		2929769620F3360700E97A67 /* Sources */ = {
			isa = PBXSourcesBuildPhase;
			buildActionMask = 2147483647;
			files = (
				2929769F20F3360700E97A67 /* ParseChatTests.m in Sources */,
			);
			runOnlyForDeploymentPostprocessing = 0;
		};
		292976A120F3360700E97A67 /* Sources */ = {
			isa = PBXSourcesBuildPhase;
			buildActionMask = 2147483647;
			files = (
				292976AA20F3360700E97A67 /* ParseChatUITests.m in Sources */,
			);
			runOnlyForDeploymentPostprocessing = 0;
		};
/* End PBXSourcesBuildPhase section */

/* Begin PBXTargetDependency section */
		2929769C20F3360700E97A67 /* PBXTargetDependency */ = {
			isa = PBXTargetDependency;
			target = 2929768120F3360600E97A67 /* ParseChat */;
			targetProxy = 2929769B20F3360700E97A67 /* PBXContainerItemProxy */;
		};
		292976A720F3360700E97A67 /* PBXTargetDependency */ = {
			isa = PBXTargetDependency;
			target = 2929768120F3360600E97A67 /* ParseChat */;
			targetProxy = 292976A620F3360700E97A67 /* PBXContainerItemProxy */;
		};
/* End PBXTargetDependency section */

/* Begin PBXVariantGroup section */
		2929768B20F3360600E97A67 /* Main.storyboard */ = {
			isa = PBXVariantGroup;
			children = (
				2929768C20F3360600E97A67 /* Base */,
			);
			name = Main.storyboard;
			sourceTree = "<group>";
		};
		2929769020F3360700E97A67 /* LaunchScreen.storyboard */ = {
			isa = PBXVariantGroup;
			children = (
				2929769120F3360700E97A67 /* Base */,
			);
			name = LaunchScreen.storyboard;
			sourceTree = "<group>";
		};
/* End PBXVariantGroup section */

/* Begin XCBuildConfiguration section */
		292976AC20F3360700E97A67 /* Debug */ = {
			isa = XCBuildConfiguration;
			buildSettings = {
				ALWAYS_SEARCH_USER_PATHS = NO;
				CLANG_ANALYZER_NONNULL = YES;
				CLANG_ANALYZER_NUMBER_OBJECT_CONVERSION = YES_AGGRESSIVE;
				CLANG_CXX_LANGUAGE_STANDARD = "gnu++14";
				CLANG_CXX_LIBRARY = "libc++";
				CLANG_ENABLE_MODULES = YES;
				CLANG_ENABLE_OBJC_ARC = YES;
				CLANG_ENABLE_OBJC_WEAK = YES;
				CLANG_WARN_BLOCK_CAPTURE_AUTORELEASING = YES;
				CLANG_WARN_BOOL_CONVERSION = YES;
				CLANG_WARN_COMMA = YES;
				CLANG_WARN_CONSTANT_CONVERSION = YES;
				CLANG_WARN_DEPRECATED_OBJC_IMPLEMENTATIONS = YES;
				CLANG_WARN_DIRECT_OBJC_ISA_USAGE = YES_ERROR;
				CLANG_WARN_DOCUMENTATION_COMMENTS = YES;
				CLANG_WARN_EMPTY_BODY = YES;
				CLANG_WARN_ENUM_CONVERSION = YES;
				CLANG_WARN_INFINITE_RECURSION = YES;
				CLANG_WARN_INT_CONVERSION = YES;
				CLANG_WARN_NON_LITERAL_NULL_CONVERSION = YES;
				CLANG_WARN_OBJC_IMPLICIT_RETAIN_SELF = YES;
				CLANG_WARN_OBJC_LITERAL_CONVERSION = YES;
				CLANG_WARN_OBJC_ROOT_CLASS = YES_ERROR;
				CLANG_WARN_RANGE_LOOP_ANALYSIS = YES;
				CLANG_WARN_STRICT_PROTOTYPES = YES;
				CLANG_WARN_SUSPICIOUS_MOVE = YES;
				CLANG_WARN_UNGUARDED_AVAILABILITY = YES_AGGRESSIVE;
				CLANG_WARN_UNREACHABLE_CODE = YES;
				CLANG_WARN__DUPLICATE_METHOD_MATCH = YES;
				CODE_SIGN_IDENTITY = "iPhone Developer";
				COPY_PHASE_STRIP = NO;
				DEBUG_INFORMATION_FORMAT = dwarf;
				ENABLE_STRICT_OBJC_MSGSEND = YES;
				ENABLE_TESTABILITY = YES;
				GCC_C_LANGUAGE_STANDARD = gnu11;
				GCC_DYNAMIC_NO_PIC = NO;
				GCC_NO_COMMON_BLOCKS = YES;
				GCC_OPTIMIZATION_LEVEL = 0;
				GCC_PREPROCESSOR_DEFINITIONS = (
					"DEBUG=1",
					"$(inherited)",
				);
				GCC_WARN_64_TO_32_BIT_CONVERSION = YES;
				GCC_WARN_ABOUT_RETURN_TYPE = YES_ERROR;
				GCC_WARN_UNDECLARED_SELECTOR = YES;
				GCC_WARN_UNINITIALIZED_AUTOS = YES_AGGRESSIVE;
				GCC_WARN_UNUSED_FUNCTION = YES;
				GCC_WARN_UNUSED_VARIABLE = YES;
				IPHONEOS_DEPLOYMENT_TARGET = 11.4;
				MTL_ENABLE_DEBUG_INFO = YES;
				ONLY_ACTIVE_ARCH = YES;
				SDKROOT = iphoneos;
			};
			name = Debug;
		};
		292976AD20F3360700E97A67 /* Release */ = {
			isa = XCBuildConfiguration;
			buildSettings = {
				ALWAYS_SEARCH_USER_PATHS = NO;
				CLANG_ANALYZER_NONNULL = YES;
				CLANG_ANALYZER_NUMBER_OBJECT_CONVERSION = YES_AGGRESSIVE;
				CLANG_CXX_LANGUAGE_STANDARD = "gnu++14";
				CLANG_CXX_LIBRARY = "libc++";
				CLANG_ENABLE_MODULES = YES;
				CLANG_ENABLE_OBJC_ARC = YES;
				CLANG_ENABLE_OBJC_WEAK = YES;
				CLANG_WARN_BLOCK_CAPTURE_AUTORELEASING = YES;
				CLANG_WARN_BOOL_CONVERSION = YES;
				CLANG_WARN_COMMA = YES;
				CLANG_WARN_CONSTANT_CONVERSION = YES;
				CLANG_WARN_DEPRECATED_OBJC_IMPLEMENTATIONS = YES;
				CLANG_WARN_DIRECT_OBJC_ISA_USAGE = YES_ERROR;
				CLANG_WARN_DOCUMENTATION_COMMENTS = YES;
				CLANG_WARN_EMPTY_BODY = YES;
				CLANG_WARN_ENUM_CONVERSION = YES;
				CLANG_WARN_INFINITE_RECURSION = YES;
				CLANG_WARN_INT_CONVERSION = YES;
				CLANG_WARN_NON_LITERAL_NULL_CONVERSION = YES;
				CLANG_WARN_OBJC_IMPLICIT_RETAIN_SELF = YES;
				CLANG_WARN_OBJC_LITERAL_CONVERSION = YES;
				CLANG_WARN_OBJC_ROOT_CLASS = YES_ERROR;
				CLANG_WARN_RANGE_LOOP_ANALYSIS = YES;
				CLANG_WARN_STRICT_PROTOTYPES = YES;
				CLANG_WARN_SUSPICIOUS_MOVE = YES;
				CLANG_WARN_UNGUARDED_AVAILABILITY = YES_AGGRESSIVE;
				CLANG_WARN_UNREACHABLE_CODE = YES;
				CLANG_WARN__DUPLICATE_METHOD_MATCH = YES;
				CODE_SIGN_IDENTITY = "iPhone Developer";
				COPY_PHASE_STRIP = NO;
				DEBUG_INFORMATION_FORMAT = "dwarf-with-dsym";
				ENABLE_NS_ASSERTIONS = NO;
				ENABLE_STRICT_OBJC_MSGSEND = YES;
				GCC_C_LANGUAGE_STANDARD = gnu11;
				GCC_NO_COMMON_BLOCKS = YES;
				GCC_WARN_64_TO_32_BIT_CONVERSION = YES;
				GCC_WARN_ABOUT_RETURN_TYPE = YES_ERROR;
				GCC_WARN_UNDECLARED_SELECTOR = YES;
				GCC_WARN_UNINITIALIZED_AUTOS = YES_AGGRESSIVE;
				GCC_WARN_UNUSED_FUNCTION = YES;
				GCC_WARN_UNUSED_VARIABLE = YES;
				IPHONEOS_DEPLOYMENT_TARGET = 11.4;
				MTL_ENABLE_DEBUG_INFO = NO;
				SDKROOT = iphoneos;
				VALIDATE_PRODUCT = YES;
			};
			name = Release;
		};
		292976AF20F3360700E97A67 /* Debug */ = {
			isa = XCBuildConfiguration;
			baseConfigurationReference = 003C30151E50BD78BA7B8308 /* Pods-ParseChat.debug.xcconfig */;
			buildSettings = {
				ASSETCATALOG_COMPILER_APPICON_NAME = AppIcon;
				CODE_SIGN_STYLE = Automatic;
				DEVELOPMENT_TEAM = C3ZDZ24QV4;
				INFOPLIST_FILE = ParseChat/Info.plist;
				IPHONEOS_DEPLOYMENT_TARGET = 11.3;
				LD_RUNPATH_SEARCH_PATHS = (
					"$(inherited)",
					"@executable_path/Frameworks",
				);
				PRODUCT_BUNDLE_IDENTIFIER = com.codepath.jessicashu7ParseChat;
				PRODUCT_NAME = "$(TARGET_NAME)";
				TARGETED_DEVICE_FAMILY = "1,2";
			};
			name = Debug;
		};
		292976B020F3360700E97A67 /* Release */ = {
			isa = XCBuildConfiguration;
			baseConfigurationReference = 022649D0B6B88DBBFBDE6C09 /* Pods-ParseChat.release.xcconfig */;
			buildSettings = {
				ASSETCATALOG_COMPILER_APPICON_NAME = AppIcon;
				CODE_SIGN_STYLE = Automatic;
				DEVELOPMENT_TEAM = C3ZDZ24QV4;
				INFOPLIST_FILE = ParseChat/Info.plist;
				IPHONEOS_DEPLOYMENT_TARGET = 11.3;
				LD_RUNPATH_SEARCH_PATHS = (
					"$(inherited)",
					"@executable_path/Frameworks",
				);
				PRODUCT_BUNDLE_IDENTIFIER = com.codepath.jessicashu7ParseChat;
				PRODUCT_NAME = "$(TARGET_NAME)";
				TARGETED_DEVICE_FAMILY = "1,2";
			};
			name = Release;
		};
		292976B220F3360700E97A67 /* Debug */ = {
			isa = XCBuildConfiguration;
			baseConfigurationReference = 2D44D0F11B4D08C6EA8F013D /* Pods-ParseChatTests.debug.xcconfig */;
			buildSettings = {
				BUNDLE_LOADER = "$(TEST_HOST)";
				CODE_SIGN_STYLE = Automatic;
				INFOPLIST_FILE = ParseChatTests/Info.plist;
				LD_RUNPATH_SEARCH_PATHS = (
					"$(inherited)",
					"@executable_path/Frameworks",
					"@loader_path/Frameworks",
				);
				PRODUCT_BUNDLE_IDENTIFIER = com.codepath.ParseChatTests;
				PRODUCT_NAME = "$(TARGET_NAME)";
				TARGETED_DEVICE_FAMILY = "1,2";
				TEST_HOST = "$(BUILT_PRODUCTS_DIR)/ParseChat.app/ParseChat";
			};
			name = Debug;
		};
		292976B320F3360700E97A67 /* Release */ = {
			isa = XCBuildConfiguration;
			baseConfigurationReference = 080AE8FCA4A09B1FBD286074 /* Pods-ParseChatTests.release.xcconfig */;
			buildSettings = {
				BUNDLE_LOADER = "$(TEST_HOST)";
				CODE_SIGN_STYLE = Automatic;
				INFOPLIST_FILE = ParseChatTests/Info.plist;
				LD_RUNPATH_SEARCH_PATHS = (
					"$(inherited)",
					"@executable_path/Frameworks",
					"@loader_path/Frameworks",
				);
				PRODUCT_BUNDLE_IDENTIFIER = com.codepath.ParseChatTests;
				PRODUCT_NAME = "$(TARGET_NAME)";
				TARGETED_DEVICE_FAMILY = "1,2";
				TEST_HOST = "$(BUILT_PRODUCTS_DIR)/ParseChat.app/ParseChat";
			};
			name = Release;
		};
		292976B520F3360700E97A67 /* Debug */ = {
			isa = XCBuildConfiguration;
			baseConfigurationReference = 4EEA8474DE97D6EF137B1451 /* Pods-ParseChatUITests.debug.xcconfig */;
			buildSettings = {
				CODE_SIGN_STYLE = Automatic;
				INFOPLIST_FILE = ParseChatUITests/Info.plist;
				LD_RUNPATH_SEARCH_PATHS = (
					"$(inherited)",
					"@executable_path/Frameworks",
					"@loader_path/Frameworks",
				);
				PRODUCT_BUNDLE_IDENTIFIER = com.codepath.ParseChatUITests;
				PRODUCT_NAME = "$(TARGET_NAME)";
				TARGETED_DEVICE_FAMILY = "1,2";
				TEST_TARGET_NAME = ParseChat;
			};
			name = Debug;
		};
		292976B620F3360700E97A67 /* Release */ = {
			isa = XCBuildConfiguration;
			baseConfigurationReference = C925A6F18498205677A81332 /* Pods-ParseChatUITests.release.xcconfig */;
			buildSettings = {
				CODE_SIGN_STYLE = Automatic;
				INFOPLIST_FILE = ParseChatUITests/Info.plist;
				LD_RUNPATH_SEARCH_PATHS = (
					"$(inherited)",
					"@executable_path/Frameworks",
					"@loader_path/Frameworks",
				);
				PRODUCT_BUNDLE_IDENTIFIER = com.codepath.ParseChatUITests;
				PRODUCT_NAME = "$(TARGET_NAME)";
				TARGETED_DEVICE_FAMILY = "1,2";
				TEST_TARGET_NAME = ParseChat;
			};
			name = Release;
		};
/* End XCBuildConfiguration section */

/* Begin XCConfigurationList section */
		2929767D20F3360600E97A67 /* Build configuration list for PBXProject "ParseChat" */ = {
			isa = XCConfigurationList;
			buildConfigurations = (
				292976AC20F3360700E97A67 /* Debug */,
				292976AD20F3360700E97A67 /* Release */,
			);
			defaultConfigurationIsVisible = 0;
			defaultConfigurationName = Release;
		};
		292976AE20F3360700E97A67 /* Build configuration list for PBXNativeTarget "ParseChat" */ = {
			isa = XCConfigurationList;
			buildConfigurations = (
				292976AF20F3360700E97A67 /* Debug */,
				292976B020F3360700E97A67 /* Release */,
			);
			defaultConfigurationIsVisible = 0;
			defaultConfigurationName = Release;
		};
		292976B120F3360700E97A67 /* Build configuration list for PBXNativeTarget "ParseChatTests" */ = {
			isa = XCConfigurationList;
			buildConfigurations = (
				292976B220F3360700E97A67 /* Debug */,
				292976B320F3360700E97A67 /* Release */,
			);
			defaultConfigurationIsVisible = 0;
			defaultConfigurationName = Release;
		};
		292976B420F3360700E97A67 /* Build configuration list for PBXNativeTarget "ParseChatUITests" */ = {
			isa = XCConfigurationList;
			buildConfigurations = (
				292976B520F3360700E97A67 /* Debug */,
				292976B620F3360700E97A67 /* Release */,
			);
			defaultConfigurationIsVisible = 0;
			defaultConfigurationName = Release;
		};
/* End XCConfigurationList section */
	};
	rootObject = 2929767A20F3360600E97A67 /* Project object */;
}
